
Microsoft Visual Studio Solution File, Format Version 12.00
# Visual Studio 15
VisualStudioVersion = 15.0.28307.572
MinimumVisualStudioVersion = 10.0.40219.1
Project("{FAE04EC0-301F-11D3-BF4B-00C04F79EFBC}") = "Alliances", "Alliances\Alliances.csproj", "{2DC8A57A-E271-44A7-B29C-865EF7E34193}"
EndProject
Global
	GlobalSection(SolutionConfigurationPlatforms) = preSolution
		Debug|Any CPU = Debug|Any CPU
		Release|Any CPU = Release|Any CPU
	EndGlobalSection
	GlobalSection(ProjectConfigurationPlatforms) = postSolution
		{2DC8A57A-E271-44A7-B29C-865EF7E34193}.Debug|Any CPU.ActiveCfg = Debug|Any CPU
		{2DC8A57A-E271-44A7-B29C-865EF7E34193}.Debug|Any CPU.Build.0 = Debug|Any CPU
		{2DC8A57A-E271-44A7-B29C-865EF7E34193}.Release|Any CPU.ActiveCfg = Release|Any CPU
		{2DC8A57A-E271-44A7-B29C-865EF7E34193}.Release|Any CPU.Build.0 = Release|Any CPU
	EndGlobalSection
	GlobalSection(SolutionProperties) = preSolution
		HideSolutionNode = FALSE
	EndGlobalSection
	GlobalSection(ExtensibilityGlobals) = postSolution
		SolutionGuid = {C4B29E8F-3A7B-4A95-A58F-5FBED6C87A63}
	EndGlobalSection
EndGlobal
